
Microsoft Visual Studio Solution File, Format Version 12.00
# Visual Studio Version 16
VisualStudioVersion = 16.0.32106.194
MinimumVisualStudioVersion = 10.0.40219.1
Project("{FAE04EC0-301F-11D3-BF4B-00C04F79EFBC}") = "Akmit", "Akmit\Akmit.csproj", "{608E147C-3D6D-4FF0-956A-87C527413F22}"
EndProject
Global
	GlobalSection(SolutionConfigurationPlatforms) = preSolution
		Debug|Any CPU = Debug|Any CPU
		Release|Any CPU = Release|Any CPU
	EndGlobalSection
	GlobalSection(ProjectConfigurationPlatforms) = postSolution
		{608E147C-3D6D-4FF0-956A-87C527413F22}.Debug|Any CPU.ActiveCfg = Debug|Any CPU
		{608E147C-3D6D-4FF0-956A-87C527413F22}.Debug|Any CPU.Build.0 = Debug|Any CPU
		{608E147C-3D6D-4FF0-956A-87C527413F22}.Release|Any CPU.ActiveCfg = Release|Any CPU
		{608E147C-3D6D-4FF0-956A-87C527413F22}.Release|Any CPU.Build.0 = Release|Any CPU
	EndGlobalSection
	GlobalSection(SolutionProperties) = preSolution
		HideSolutionNode = FALSE
	EndGlobalSection
	GlobalSection(ExtensibilityGlobals) = postSolution
		SolutionGuid = {2B67AB1C-8F4C-4D47-ADB4-F6290598C6EA}
	EndGlobalSection
EndGlobal
